
Microsoft Visual Studio Solution File, Format Version 10.00
# Visual Studio 2008
Project("{8BC9CEB8-8B4A-11D0-8D11-00A0C91BC942}") = "chatman", "chatman\chatman.vcproj", "{CBFFCFFA-AF6D-4505-9479-BE2328E8420C}"
EndProject
Global
	GlobalSection(SolutionConfigurationPlatforms) = preSolution
		Debug|Win32 = Debug|Win32
		Release|Win32 = Release|Win32
	EndGlobalSection
	GlobalSection(ProjectConfigurationPlatforms) = postSolution
		{CBFFCFFA-AF6D-4505-9479-BE2328E8420C}.Debug|Win32.ActiveCfg = Debug|Win32
		{CBFFCFFA-AF6D-4505-9479-BE2328E8420C}.Debug|Win32.Build.0 = Debug|Win32
		{CBFFCFFA-AF6D-4505-9479-BE2328E8420C}.Release|Win32.ActiveCfg = Release|Win32
		{CBFFCFFA-AF6D-4505-9479-BE2328E8420C}.Release|Win32.Build.0 = Release|Win32
	EndGlobalSection
	GlobalSection(SolutionProperties) = preSolution
		HideSolutionNode = FALSE
	EndGlobalSection
EndGlobal
